
Microsoft Visual Studio Solution File, Format Version 12.00
# Visual Studio 14
VisualStudioVersion = 14.0.23107.0
MinimumVisualStudioVersion = 10.0.40219.1
Project("{FAE04EC0-301F-11D3-BF4B-00C04F79EFBC}") = "WhitespaceAnalyzers", "WhitespaceAnalyzers\WhitespaceAnalyzers.csproj", "{9FD42627-F22D-4A19-A9B7-E1056F1F72D4}"
EndProject
Project("{FAE04EC0-301F-11D3-BF4B-00C04F79EFBC}") = "WhitespaceAnalyzers.Test", "WhitespaceAnalyzers.Test\WhitespaceAnalyzers.Test.csproj", "{36710B56-8351-4CF7-9B79-00FC949595D5}"
EndProject
Project("{FAE04EC0-301F-11D3-BF4B-00C04F79EFBC}") = "WhitespaceAnalyzers.Vsix", "WhitespaceAnalyzers.Vsix\WhitespaceAnalyzers.Vsix.csproj", "{47B8923A-9518-49F4-9EB3-DC52BC9D2159}"
EndProject
Global
	GlobalSection(SolutionConfigurationPlatforms) = preSolution
		Debug|Any CPU = Debug|Any CPU
		Release|Any CPU = Release|Any CPU
	EndGlobalSection
	GlobalSection(ProjectConfigurationPlatforms) = postSolution
		{9FD42627-F22D-4A19-A9B7-E1056F1F72D4}.Debug|Any CPU.ActiveCfg = Debug|Any CPU
		{9FD42627-F22D-4A19-A9B7-E1056F1F72D4}.Debug|Any CPU.Build.0 = Debug|Any CPU
		{9FD42627-F22D-4A19-A9B7-E1056F1F72D4}.Release|Any CPU.ActiveCfg = Release|Any CPU
		{9FD42627-F22D-4A19-A9B7-E1056F1F72D4}.Release|Any CPU.Build.0 = Release|Any CPU
		{36710B56-8351-4CF7-9B79-00FC949595D5}.Debug|Any CPU.ActiveCfg = Debug|Any CPU
		{36710B56-8351-4CF7-9B79-00FC949595D5}.Debug|Any CPU.Build.0 = Debug|Any CPU
		{36710B56-8351-4CF7-9B79-00FC949595D5}.Release|Any CPU.ActiveCfg = Release|Any CPU
		{36710B56-8351-4CF7-9B79-00FC949595D5}.Release|Any CPU.Build.0 = Release|Any CPU
		{47B8923A-9518-49F4-9EB3-DC52BC9D2159}.Debug|Any CPU.ActiveCfg = Debug|Any CPU
		{47B8923A-9518-49F4-9EB3-DC52BC9D2159}.Debug|Any CPU.Build.0 = Debug|Any CPU
		{47B8923A-9518-49F4-9EB3-DC52BC9D2159}.Release|Any CPU.ActiveCfg = Release|Any CPU
		{47B8923A-9518-49F4-9EB3-DC52BC9D2159}.Release|Any CPU.Build.0 = Release|Any CPU
	EndGlobalSection
	GlobalSection(SolutionProperties) = preSolution
		HideSolutionNode = FALSE
	EndGlobalSection
EndGlobal
